
Microsoft Visual Studio Solution File, Format Version 12.00
# Visual Studio 14
VisualStudioVersion = 14.0.25420.1
MinimumVisualStudioVersion = 10.0.40219.1
Project("{FAE04EC0-301F-11D3-BF4B-00C04F79EFBC}") = "MyGame.MVCSite", "MyGame.MVCSite\MyGame.MVCSite.csproj", "{8E3E7C57-31D1-46D8-B1C8-BC0A721E48EE}"
EndProject
Project("{FAE04EC0-301F-11D3-BF4B-00C04F79EFBC}") = "MyGame.DB", "MyGame.DB\MyGame.DB.csproj", "{239059EC-AFC1-4D92-BF40-A540D2038F1A}"
EndProject
Global
	GlobalSection(SolutionConfigurationPlatforms) = preSolution
		Debug|Any CPU = Debug|Any CPU
		Release|Any CPU = Release|Any CPU
	EndGlobalSection
	GlobalSection(ProjectConfigurationPlatforms) = postSolution
		{8E3E7C57-31D1-46D8-B1C8-BC0A721E48EE}.Debug|Any CPU.ActiveCfg = Debug|Any CPU
		{8E3E7C57-31D1-46D8-B1C8-BC0A721E48EE}.Debug|Any CPU.Build.0 = Debug|Any CPU
		{8E3E7C57-31D1-46D8-B1C8-BC0A721E48EE}.Release|Any CPU.ActiveCfg = Release|Any CPU
		{8E3E7C57-31D1-46D8-B1C8-BC0A721E48EE}.Release|Any CPU.Build.0 = Release|Any CPU
		{239059EC-AFC1-4D92-BF40-A540D2038F1A}.Debug|Any CPU.ActiveCfg = Debug|Any CPU
		{239059EC-AFC1-4D92-BF40-A540D2038F1A}.Debug|Any CPU.Build.0 = Debug|Any CPU
		{239059EC-AFC1-4D92-BF40-A540D2038F1A}.Release|Any CPU.ActiveCfg = Release|Any CPU
		{239059EC-AFC1-4D92-BF40-A540D2038F1A}.Release|Any CPU.Build.0 = Release|Any CPU
	EndGlobalSection
	GlobalSection(SolutionProperties) = preSolution
		HideSolutionNode = FALSE
	EndGlobalSection
EndGlobal
